
Microsoft Visual Studio Solution File, Format Version 12.00
# Visual Studio 2013
VisualStudioVersion = 12.0.31101.0
MinimumVisualStudioVersion = 10.0.40219.1
Project("{8BC9CEB8-8B4A-11D0-8D11-00A0C91BC942}") = "DuneDetectLib", "DuneDetect\DuneDetect.vcxproj", "{3E19BE55-85F4-4F1A-9C70-2D4CEC603817}"
EndProject
Project("{8BC9CEB8-8B4A-11D0-8D11-00A0C91BC942}") = "Main", "Main\Main.vcxproj", "{4381E8DD-4E22-4C67-9B38-456F2D97610B}"
EndProject
Project("{2150E333-8FDC-42A3-9474-1A3956D46DE8}") = "Optimization", "Optimization", "{CAC8C2DC-2D11-421D-A3D7-DFA3F6ACE2A9}"
EndProject
Project("{2150E333-8FDC-42A3-9474-1A3956D46DE8}") = "App", "App", "{EC612378-6E38-4347-ADA2-3CE1CE45C5FB}"
EndProject
Project("{FAE04EC0-301F-11D3-BF4B-00C04F79EFBC}") = "DuneDetectorApp", "DuneDetectorApp\DuneDetectorApp.csproj", "{39828D0A-2DBC-405E-9000-95DFB3892066}"
EndProject
Project("{2150E333-8FDC-42A3-9474-1A3956D46DE8}") = "TVF", "TVF", "{6DCDAF59-8FF5-416D-9F3E-D53845D882B4}"
EndProject
Project("{8BC9CEB8-8B4A-11D0-8D11-00A0C91BC942}") = "TensorVotingFramework", "TVF\TensorVotingFramework\TensorVotingFramework.vcxproj", "{CE77E065-FF56-4A02-8BE0-57CFDC63A1DC}"
EndProject
Project("{8BC9CEB8-8B4A-11D0-8D11-00A0C91BC942}") = "TensorVotingFramework_Test", "TVF\TensorVotingFramework_Test\TensorVotingFramework_Test.vcxproj", "{750513C6-8ADA-49C9-9A82-B04EAD9A7FA8}"
	ProjectSection(ProjectDependencies) = postProject
		{CE77E065-FF56-4A02-8BE0-57CFDC63A1DC} = {CE77E065-FF56-4A02-8BE0-57CFDC63A1DC}
	EndProjectSection
EndProject
Project("{8BC9CEB8-8B4A-11D0-8D11-00A0C91BC942}") = "DuneDetectLibWrapper", "DuneDetectLibWrapper\DuneDetectLibWrapper.vcxproj", "{56A3765B-96D6-49C1-9DE6-DD09D88861D0}"
	ProjectSection(ProjectDependencies) = postProject
		{3E19BE55-85F4-4F1A-9C70-2D4CEC603817} = {3E19BE55-85F4-4F1A-9C70-2D4CEC603817}
	EndProjectSection
EndProject
Project("{8BC9CEB8-8B4A-11D0-8D11-00A0C91BC942}") = "DuneDetectML", "DuneDetectML\DuneDetectML.vcxproj", "{60CEF9A2-B09C-4374-8D2A-9CD85FB542BA}"
EndProject
Project("{8BC9CEB8-8B4A-11D0-8D11-00A0C91BC942}") = "DuneDetectLib.Tests", "DuneDetectLib.Tests\DuneDetectLib.Tests.vcxproj", "{1A191B11-C9D7-44D1-B2E8-B22DBE561124}"
	ProjectSection(ProjectDependencies) = postProject
		{3E19BE55-85F4-4F1A-9C70-2D4CEC603817} = {3E19BE55-85F4-4F1A-9C70-2D4CEC603817}
	EndProjectSection
EndProject
Project("{8BC9CEB8-8B4A-11D0-8D11-00A0C91BC942}") = "UnitTest1", "UnitTest1\UnitTest1.vcxproj", "{8C897E65-3B3D-49F4-B4F0-514EDB0E16B7}"
EndProject
Global
	GlobalSection(SolutionConfigurationPlatforms) = preSolution
		Debug|Any CPU = Debug|Any CPU
		Debug|Mixed Platforms = Debug|Mixed Platforms
		Debug|Win32 = Debug|Win32
		Debug|x64 = Debug|x64
		Debug|x86 = Debug|x86
		Release|Any CPU = Release|Any CPU
		Release|Mixed Platforms = Release|Mixed Platforms
		Release|Win32 = Release|Win32
		Release|x64 = Release|x64
		Release|x86 = Release|x86
	EndGlobalSection
	GlobalSection(ProjectConfigurationPlatforms) = postSolution
		{3E19BE55-85F4-4F1A-9C70-2D4CEC603817}.Debug|Any CPU.ActiveCfg = Debug|Win32
		{3E19BE55-85F4-4F1A-9C70-2D4CEC603817}.Debug|Mixed Platforms.ActiveCfg = Debug|Win32
		{3E19BE55-85F4-4F1A-9C70-2D4CEC603817}.Debug|Mixed Platforms.Build.0 = Debug|Win32
		{3E19BE55-85F4-4F1A-9C70-2D4CEC603817}.Debug|Win32.ActiveCfg = Debug|Win32
		{3E19BE55-85F4-4F1A-9C70-2D4CEC603817}.Debug|Win32.Build.0 = Debug|Win32
		{3E19BE55-85F4-4F1A-9C70-2D4CEC603817}.Debug|x64.ActiveCfg = Debug|x64
		{3E19BE55-85F4-4F1A-9C70-2D4CEC603817}.Debug|x64.Build.0 = Debug|x64
		{3E19BE55-85F4-4F1A-9C70-2D4CEC603817}.Debug|x86.ActiveCfg = Debug|Win32
		{3E19BE55-85F4-4F1A-9C70-2D4CEC603817}.Debug|x86.Build.0 = Debug|Win32
		{3E19BE55-85F4-4F1A-9C70-2D4CEC603817}.Release|Any CPU.ActiveCfg = Release|Win32
		{3E19BE55-85F4-4F1A-9C70-2D4CEC603817}.Release|Mixed Platforms.ActiveCfg = Release|Win32
		{3E19BE55-85F4-4F1A-9C70-2D4CEC603817}.Release|Mixed Platforms.Build.0 = Release|Win32
		{3E19BE55-85F4-4F1A-9C70-2D4CEC603817}.Release|Win32.ActiveCfg = Release|Win32
		{3E19BE55-85F4-4F1A-9C70-2D4CEC603817}.Release|Win32.Build.0 = Release|Win32
		{3E19BE55-85F4-4F1A-9C70-2D4CEC603817}.Release|x64.ActiveCfg = Release|x64
		{3E19BE55-85F4-4F1A-9C70-2D4CEC603817}.Release|x64.Build.0 = Release|x64
		{3E19BE55-85F4-4F1A-9C70-2D4CEC603817}.Release|x86.ActiveCfg = Release|Win32
		{3E19BE55-85F4-4F1A-9C70-2D4CEC603817}.Release|x86.Build.0 = Release|Win32
		{4381E8DD-4E22-4C67-9B38-456F2D97610B}.Debug|Any CPU.ActiveCfg = Debug|Win32
		{4381E8DD-4E22-4C67-9B38-456F2D97610B}.Debug|Mixed Platforms.ActiveCfg = Debug|Win32
		{4381E8DD-4E22-4C67-9B38-456F2D97610B}.Debug|Mixed Platforms.Build.0 = Debug|Win32
		{4381E8DD-4E22-4C67-9B38-456F2D97610B}.Debug|Win32.ActiveCfg = Debug|Win32
		{4381E8DD-4E22-4C67-9B38-456F2D97610B}.Debug|Win32.Build.0 = Debug|Win32
		{4381E8DD-4E22-4C67-9B38-456F2D97610B}.Debug|x64.ActiveCfg = Debug|x64
		{4381E8DD-4E22-4C67-9B38-456F2D97610B}.Debug|x64.Build.0 = Debug|x64
		{4381E8DD-4E22-4C67-9B38-456F2D97610B}.Debug|x86.ActiveCfg = Debug|Win32
		{4381E8DD-4E22-4C67-9B38-456F2D97610B}.Debug|x86.Build.0 = Debug|Win32
		{4381E8DD-4E22-4C67-9B38-456F2D97610B}.Release|Any CPU.ActiveCfg = Release|Win32
		{4381E8DD-4E22-4C67-9B38-456F2D97610B}.Release|Mixed Platforms.ActiveCfg = Release|Win32
		{4381E8DD-4E22-4C67-9B38-456F2D97610B}.Release|Mixed Platforms.Build.0 = Release|Win32
		{4381E8DD-4E22-4C67-9B38-456F2D97610B}.Release|Win32.ActiveCfg = Release|Win32
		{4381E8DD-4E22-4C67-9B38-456F2D97610B}.Release|Win32.Build.0 = Release|Win32
		{4381E8DD-4E22-4C67-9B38-456F2D97610B}.Release|x64.ActiveCfg = Release|x64
		{4381E8DD-4E22-4C67-9B38-456F2D97610B}.Release|x64.Build.0 = Release|x64
		{4381E8DD-4E22-4C67-9B38-456F2D97610B}.Release|x86.ActiveCfg = Release|Win32
		{4381E8DD-4E22-4C67-9B38-456F2D97610B}.Release|x86.Build.0 = Release|Win32
		{39828D0A-2DBC-405E-9000-95DFB3892066}.Debug|Any CPU.ActiveCfg = Debug|Any CPU
		{39828D0A-2DBC-405E-9000-95DFB3892066}.Debug|Any CPU.Build.0 = Debug|Any CPU
		{39828D0A-2DBC-405E-9000-95DFB3892066}.Debug|Mixed Platforms.ActiveCfg = Debug|Any CPU
		{39828D0A-2DBC-405E-9000-95DFB3892066}.Debug|Mixed Platforms.Build.0 = Debug|Any CPU
		{39828D0A-2DBC-405E-9000-95DFB3892066}.Debug|Win32.ActiveCfg = Debug|Any CPU
		{39828D0A-2DBC-405E-9000-95DFB3892066}.Debug|x64.ActiveCfg = Debug|x64
		{39828D0A-2DBC-405E-9000-95DFB3892066}.Debug|x86.ActiveCfg = Debug|Any CPU
		{39828D0A-2DBC-405E-9000-95DFB3892066}.Release|Any CPU.ActiveCfg = Release|Any CPU
		{39828D0A-2DBC-405E-9000-95DFB3892066}.Release|Any CPU.Build.0 = Release|Any CPU
		{39828D0A-2DBC-405E-9000-95DFB3892066}.Release|Mixed Platforms.ActiveCfg = Release|Any CPU
		{39828D0A-2DBC-405E-9000-95DFB3892066}.Release|Mixed Platforms.Build.0 = Release|Any CPU
		{39828D0A-2DBC-405E-9000-95DFB3892066}.Release|Win32.ActiveCfg = Release|Any CPU
		{39828D0A-2DBC-405E-9000-95DFB3892066}.Release|Win32.Build.0 = Release|Any CPU
		{39828D0A-2DBC-405E-9000-95DFB3892066}.Release|x64.ActiveCfg = Release|x64
		{39828D0A-2DBC-405E-9000-95DFB3892066}.Release|x86.ActiveCfg = Release|Any CPU
		{CE77E065-FF56-4A02-8BE0-57CFDC63A1DC}.Debug|Any CPU.ActiveCfg = Debug|Win32
		{CE77E065-FF56-4A02-8BE0-57CFDC63A1DC}.Debug|Mixed Platforms.ActiveCfg = Debug|Win32
		{CE77E065-FF56-4A02-8BE0-57CFDC63A1DC}.Debug|Mixed Platforms.Build.0 = Debug|Win32
		{CE77E065-FF56-4A02-8BE0-57CFDC63A1DC}.Debug|Win32.ActiveCfg = Debug|Win32
		{CE77E065-FF56-4A02-8BE0-57CFDC63A1DC}.Debug|Win32.Build.0 = Debug|Win32
		{CE77E065-FF56-4A02-8BE0-57CFDC63A1DC}.Debug|x64.ActiveCfg = Debug|Win32
		{CE77E065-FF56-4A02-8BE0-57CFDC63A1DC}.Debug|x86.ActiveCfg = Debug|Win32
		{CE77E065-FF56-4A02-8BE0-57CFDC63A1DC}.Debug|x86.Build.0 = Debug|Win32
		{CE77E065-FF56-4A02-8BE0-57CFDC63A1DC}.Release|Any CPU.ActiveCfg = Release|Win32
		{CE77E065-FF56-4A02-8BE0-57CFDC63A1DC}.Release|Mixed Platforms.ActiveCfg = Release|Win32
		{CE77E065-FF56-4A02-8BE0-57CFDC63A1DC}.Release|Mixed Platforms.Build.0 = Release|Win32
		{CE77E065-FF56-4A02-8BE0-57CFDC63A1DC}.Release|Win32.ActiveCfg = Release|Win32
		{CE77E065-FF56-4A02-8BE0-57CFDC63A1DC}.Release|Win32.Build.0 = Release|Win32
		{CE77E065-FF56-4A02-8BE0-57CFDC63A1DC}.Release|x64.ActiveCfg = Release|Win32
		{CE77E065-FF56-4A02-8BE0-57CFDC63A1DC}.Release|x86.ActiveCfg = Release|Win32
		{CE77E065-FF56-4A02-8BE0-57CFDC63A1DC}.Release|x86.Build.0 = Release|Win32
		{750513C6-8ADA-49C9-9A82-B04EAD9A7FA8}.Debug|Any CPU.ActiveCfg = Debug|Win32
		{750513C6-8ADA-49C9-9A82-B04EAD9A7FA8}.Debug|Mixed Platforms.ActiveCfg = Debug|Win32
		{750513C6-8ADA-49C9-9A82-B04EAD9A7FA8}.Debug|Mixed Platforms.Build.0 = Debug|Win32
		{750513C6-8ADA-49C9-9A82-B04EAD9A7FA8}.Debug|Win32.ActiveCfg = Debug|Win32
		{750513C6-8ADA-49C9-9A82-B04EAD9A7FA8}.Debug|Win32.Build.0 = Debug|Win32
		{750513C6-8ADA-49C9-9A82-B04EAD9A7FA8}.Debug|x64.ActiveCfg = Debug|Win32
		{750513C6-8ADA-49C9-9A82-B04EAD9A7FA8}.Debug|x86.ActiveCfg = Debug|Win32
		{750513C6-8ADA-49C9-9A82-B04EAD9A7FA8}.Debug|x86.Build.0 = Debug|Win32
		{750513C6-8ADA-49C9-9A82-B04EAD9A7FA8}.Release|Any CPU.ActiveCfg = Release|Win32
		{750513C6-8ADA-49C9-9A82-B04EAD9A7FA8}.Release|Mixed Platforms.ActiveCfg = Release|Win32
		{750513C6-8ADA-49C9-9A82-B04EAD9A7FA8}.Release|Mixed Platforms.Build.0 = Release|Win32
		{750513C6-8ADA-49C9-9A82-B04EAD9A7FA8}.Release|Win32.ActiveCfg = Release|Win32
		{750513C6-8ADA-49C9-9A82-B04EAD9A7FA8}.Release|Win32.Build.0 = Release|Win32
		{750513C6-8ADA-49C9-9A82-B04EAD9A7FA8}.Release|x64.ActiveCfg = Release|Win32
		{750513C6-8ADA-49C9-9A82-B04EAD9A7FA8}.Release|x86.ActiveCfg = Release|Win32
		{750513C6-8ADA-49C9-9A82-B04EAD9A7FA8}.Release|x86.Build.0 = Release|Win32
		{56A3765B-96D6-49C1-9DE6-DD09D88861D0}.Debug|Any CPU.ActiveCfg = Debug|Win32
		{56A3765B-96D6-49C1-9DE6-DD09D88861D0}.Debug|Mixed Platforms.ActiveCfg = Debug|Win32
		{56A3765B-96D6-49C1-9DE6-DD09D88861D0}.Debug|Mixed Platforms.Build.0 = Debug|Win32
		{56A3765B-96D6-49C1-9DE6-DD09D88861D0}.Debug|Win32.ActiveCfg = Debug|Win32
		{56A3765B-96D6-49C1-9DE6-DD09D88861D0}.Debug|x64.ActiveCfg = Debug|x64
		{56A3765B-96D6-49C1-9DE6-DD09D88861D0}.Debug|x86.ActiveCfg = Debug|Win32
		{56A3765B-96D6-49C1-9DE6-DD09D88861D0}.Debug|x86.Build.0 = Debug|Win32
		{56A3765B-96D6-49C1-9DE6-DD09D88861D0}.Release|Any CPU.ActiveCfg = Release|Win32
		{56A3765B-96D6-49C1-9DE6-DD09D88861D0}.Release|Mixed Platforms.ActiveCfg = Release|Win32
		{56A3765B-96D6-49C1-9DE6-DD09D88861D0}.Release|Mixed Platforms.Build.0 = Release|Win32
		{56A3765B-96D6-49C1-9DE6-DD09D88861D0}.Release|Win32.ActiveCfg = Release|Win32
		{56A3765B-96D6-49C1-9DE6-DD09D88861D0}.Release|Win32.Build.0 = Release|Win32
		{56A3765B-96D6-49C1-9DE6-DD09D88861D0}.Release|x64.ActiveCfg = Release|x64
		{56A3765B-96D6-49C1-9DE6-DD09D88861D0}.Release|x86.ActiveCfg = Release|Win32
		{56A3765B-96D6-49C1-9DE6-DD09D88861D0}.Release|x86.Build.0 = Release|Win32
		{60CEF9A2-B09C-4374-8D2A-9CD85FB542BA}.Debug|Any CPU.ActiveCfg = Debug|Win32
		{60CEF9A2-B09C-4374-8D2A-9CD85FB542BA}.Debug|Mixed Platforms.ActiveCfg = Debug|Win32
		{60CEF9A2-B09C-4374-8D2A-9CD85FB542BA}.Debug|Mixed Platforms.Build.0 = Debug|Win32
		{60CEF9A2-B09C-4374-8D2A-9CD85FB542BA}.Debug|Win32.ActiveCfg = Debug|Win32
		{60CEF9A2-B09C-4374-8D2A-9CD85FB542BA}.Debug|Win32.Build.0 = Debug|Win32
		{60CEF9A2-B09C-4374-8D2A-9CD85FB542BA}.Debug|x64.ActiveCfg = Debug|x64
		{60CEF9A2-B09C-4374-8D2A-9CD85FB542BA}.Debug|x64.Build.0 = Debug|x64
		{60CEF9A2-B09C-4374-8D2A-9CD85FB542BA}.Debug|x86.ActiveCfg = Debug|Win32
		{60CEF9A2-B09C-4374-8D2A-9CD85FB542BA}.Debug|x86.Build.0 = Debug|Win32
		{60CEF9A2-B09C-4374-8D2A-9CD85FB542BA}.Release|Any CPU.ActiveCfg = Release|Win32
		{60CEF9A2-B09C-4374-8D2A-9CD85FB542BA}.Release|Mixed Platforms.ActiveCfg = Release|Win32
		{60CEF9A2-B09C-4374-8D2A-9CD85FB542BA}.Release|Mixed Platforms.Build.0 = Release|Win32
		{60CEF9A2-B09C-4374-8D2A-9CD85FB542BA}.Release|Win32.ActiveCfg = Release|Win32
		{60CEF9A2-B09C-4374-8D2A-9CD85FB542BA}.Release|Win32.Build.0 = Release|Win32
		{60CEF9A2-B09C-4374-8D2A-9CD85FB542BA}.Release|x64.ActiveCfg = Release|x64
		{60CEF9A2-B09C-4374-8D2A-9CD85FB542BA}.Release|x64.Build.0 = Release|x64
		{60CEF9A2-B09C-4374-8D2A-9CD85FB542BA}.Release|x86.ActiveCfg = Release|Win32
		{60CEF9A2-B09C-4374-8D2A-9CD85FB542BA}.Release|x86.Build.0 = Release|Win32
		{1A191B11-C9D7-44D1-B2E8-B22DBE561124}.Debug|Any CPU.ActiveCfg = Debug|Win32
		{1A191B11-C9D7-44D1-B2E8-B22DBE561124}.Debug|Mixed Platforms.ActiveCfg = Debug|Win32
		{1A191B11-C9D7-44D1-B2E8-B22DBE561124}.Debug|Mixed Platforms.Build.0 = Debug|Win32
		{1A191B11-C9D7-44D1-B2E8-B22DBE561124}.Debug|Win32.ActiveCfg = Debug|Win32
		{1A191B11-C9D7-44D1-B2E8-B22DBE561124}.Debug|Win32.Build.0 = Debug|Win32
		{1A191B11-C9D7-44D1-B2E8-B22DBE561124}.Debug|x64.ActiveCfg = Debug|x64
		{1A191B11-C9D7-44D1-B2E8-B22DBE561124}.Debug|x64.Build.0 = Debug|x64
		{1A191B11-C9D7-44D1-B2E8-B22DBE561124}.Debug|x86.ActiveCfg = Debug|Win32
		{1A191B11-C9D7-44D1-B2E8-B22DBE561124}.Debug|x86.Build.0 = Debug|Win32
		{1A191B11-C9D7-44D1-B2E8-B22DBE561124}.Release|Any CPU.ActiveCfg = Release|Win32
		{1A191B11-C9D7-44D1-B2E8-B22DBE561124}.Release|Mixed Platforms.ActiveCfg = Release|Win32
		{1A191B11-C9D7-44D1-B2E8-B22DBE561124}.Release|Mixed Platforms.Build.0 = Release|Win32
		{1A191B11-C9D7-44D1-B2E8-B22DBE561124}.Release|Win32.ActiveCfg = Release|Win32
		{1A191B11-C9D7-44D1-B2E8-B22DBE561124}.Release|Win32.Build.0 = Release|Win32
		{1A191B11-C9D7-44D1-B2E8-B22DBE561124}.Release|x64.ActiveCfg = Release|x64
		{1A191B11-C9D7-44D1-B2E8-B22DBE561124}.Release|x64.Build.0 = Release|x64
		{1A191B11-C9D7-44D1-B2E8-B22DBE561124}.Release|x86.ActiveCfg = Release|Win32
		{1A191B11-C9D7-44D1-B2E8-B22DBE561124}.Release|x86.Build.0 = Release|Win32
		{8C897E65-3B3D-49F4-B4F0-514EDB0E16B7}.Debug|Any CPU.ActiveCfg = Debug|Win32
		{8C897E65-3B3D-49F4-B4F0-514EDB0E16B7}.Debug|Mixed Platforms.ActiveCfg = Debug|Win32
		{8C897E65-3B3D-49F4-B4F0-514EDB0E16B7}.Debug|Mixed Platforms.Build.0 = Debug|Win32
		{8C897E65-3B3D-49F4-B4F0-514EDB0E16B7}.Debug|Win32.ActiveCfg = Debug|Win32
		{8C897E65-3B3D-49F4-B4F0-514EDB0E16B7}.Debug|Win32.Build.0 = Debug|Win32
		{8C897E65-3B3D-49F4-B4F0-514EDB0E16B7}.Debug|x64.ActiveCfg = Debug|x64
		{8C897E65-3B3D-49F4-B4F0-514EDB0E16B7}.Debug|x86.ActiveCfg = Debug|Win32
		{8C897E65-3B3D-49F4-B4F0-514EDB0E16B7}.Debug|x86.Build.0 = Debug|Win32
		{8C897E65-3B3D-49F4-B4F0-514EDB0E16B7}.Release|Any CPU.ActiveCfg = Release|Win32
		{8C897E65-3B3D-49F4-B4F0-514EDB0E16B7}.Release|Mixed Platforms.ActiveCfg = Release|Win32
		{8C897E65-3B3D-49F4-B4F0-514EDB0E16B7}.Release|Mixed Platforms.Build.0 = Release|Win32
		{8C897E65-3B3D-49F4-B4F0-514EDB0E16B7}.Release|Win32.ActiveCfg = Release|Win32
		{8C897E65-3B3D-49F4-B4F0-514EDB0E16B7}.Release|Win32.Build.0 = Release|Win32
		{8C897E65-3B3D-49F4-B4F0-514EDB0E16B7}.Release|x64.ActiveCfg = Release|Win32
		{8C897E65-3B3D-49F4-B4F0-514EDB0E16B7}.Release|x86.ActiveCfg = Release|Win32
		{8C897E65-3B3D-49F4-B4F0-514EDB0E16B7}.Release|x86.Build.0 = Release|Win32
	EndGlobalSection
	GlobalSection(SolutionProperties) = preSolution
		HideSolutionNode = FALSE
	EndGlobalSection
	GlobalSection(NestedProjects) = preSolution
		{39828D0A-2DBC-405E-9000-95DFB3892066} = {EC612378-6E38-4347-ADA2-3CE1CE45C5FB}
		{CE77E065-FF56-4A02-8BE0-57CFDC63A1DC} = {6DCDAF59-8FF5-416D-9F3E-D53845D882B4}
		{750513C6-8ADA-49C9-9A82-B04EAD9A7FA8} = {6DCDAF59-8FF5-416D-9F3E-D53845D882B4}
		{56A3765B-96D6-49C1-9DE6-DD09D88861D0} = {EC612378-6E38-4347-ADA2-3CE1CE45C5FB}
	EndGlobalSection
EndGlobal
