<?xml version="1.0" encoding="utf-8"?>
<Project ToolsVersion="4.0" xmlns="http://schemas.microsoft.com/developer/msbuild/2003">
  <ItemGroup>
    <Filter Include="Source Files">
      <UniqueIdentifier>{4FC737F1-C7A5-4376-A066-2A32D752A2FF}</UniqueIdentifier>
      <Extensions>cpp;c;cc;cxx;def;odl;idl;hpj;bat;asm;asmx</Extensions>
    </Filter>
    <Filter Include="Header Files">
      <UniqueIdentifier>{93995380-89BD-4b04-88EB-625FBE52EBFB}</UniqueIdentifier>
      <Extensions>h;hpp;hxx;hm;inl;inc;xsd</Extensions>
    </Filter>
    <Filter Include="Resource Files">
      <UniqueIdentifier>{67DA6AB6-F800-4c08-8B7A-83BB121AAD01}</UniqueIdentifier>
      <Extensions>rc;ico;cur;bmp;dlg;rc2;rct;bin;rgs;gif;jpg;jpeg;jpe;resx;tiff;tif;png;wav;mfcribbon-ms</Extensions>
    </Filter>
    <Filter Include="Header Files\Dataset">
      <UniqueIdentifier>{c67b8dbb-04f3-413f-953e-fb51a952475c}</UniqueIdentifier>
    </Filter>
    <Filter Include="Header Files\Base Objects">
      <UniqueIdentifier>{38e18b7f-3ae8-49f4-a40a-56e35028d938}</UniqueIdentifier>
    </Filter>
    <Filter Include="Header Files\Dune Segment Detector">
      <UniqueIdentifier>{4445da00-da9b-48d6-b600-03b1509fc936}</UniqueIdentifier>
    </Filter>
    <Filter Include="Header Files\Edge Based Detector">
      <UniqueIdentifier>{2233da31-417f-4a0d-82d6-806773b576b2}</UniqueIdentifier>
    </Filter>
    <Filter Include="Source Files\Dune Segment Detector">
      <UniqueIdentifier>{9cdf30ec-338b-43cb-ad43-b0c8f7d3bc3f}</UniqueIdentifier>
    </Filter>
    <Filter Include="Source Files\Edge Based Detector">
      <UniqueIdentifier>{f7510209-c9e8-45a8-afae-d1c8258241b0}</UniqueIdentifier>
    </Filter>
  </ItemGroup>
  <ItemGroup>
    <ClInclude Include="OpenCVHeaders.h">
      <Filter>Header Files</Filter>
    </ClInclude>
    <ClInclude Include="DuneDetectLibHeaders.h">
      <Filter>Header Files</Filter>
    </ClInclude>
    <ClInclude Include="DatasetProcessor.h">
      <Filter>Header Files\Dataset</Filter>
    </ClInclude>
    <ClInclude Include="BaseDuneDetectorBenchmarkTest.h">
      <Filter>Header Files\Base Objects</Filter>
    </ClInclude>
    <ClInclude Include="BaseDuneDetector.h">
      <Filter>Header Files\Base Objects</Filter>
    </ClInclude>
    <ClInclude Include="BaseImageProcessor.h">
      <Filter>Header Files\Base Objects</Filter>
    </ClInclude>
    <ClInclude Include="DuneSegmentDetectorBenchmark.h">
      <Filter>Header Files\Dune Segment Detector</Filter>
    </ClInclude>
    <ClInclude Include="DuneSegmentDetector.h">
      <Filter>Header Files\Dune Segment Detector</Filter>
    </ClInclude>
    <ClInclude Include="AdaptiveImageProcessor.h">
      <Filter>Header Files\Dune Segment Detector</Filter>
    </ClInclude>
    <ClInclude Include="EdgeBasedDetectorBenchmark.h">
      <Filter>Header Files\Edge Based Detector</Filter>
    </ClInclude>
    <ClInclude Include="EdgeBasedDuneDetector.h">
      <Filter>Header Files\Edge Based Detector</Filter>
    </ClInclude>
    <ClInclude Include="EdgeDetectorImageProcessor.h">
      <Filter>Header Files\Edge Based Detector</Filter>
    </ClInclude>
    <ClInclude Include="BaseEdgeImageProcessor.h">
      <Filter>Header Files\Base Objects</Filter>
    </ClInclude>
  </ItemGroup>
  <ItemGroup>
    <ClCompile Include="DuneSegmentDetectorBenchmark.cpp">
      <Filter>Source Files\Dune Segment Detector</Filter>
    </ClCompile>
    <ClCompile Include="AdaptiveImageProcessor.cpp">
      <Filter>Source Files\Dune Segment Detector</Filter>
    </ClCompile>
    <ClCompile Include="DuneSegmentDetector.cpp">
      <Filter>Source Files\Dune Segment Detector</Filter>
    </ClCompile>
    <ClCompile Include="EdgeBasedDetectorBenchmark.cpp">
      <Filter>Source Files\Edge Based Detector</Filter>
    </ClCompile>
    <ClCompile Include="EdgeBasedDuneDetector.cpp">
      <Filter>Source Files\Edge Based Detector</Filter>
    </ClCompile>
    <ClCompile Include="EdgeDetectorImageProcessor.cpp">
      <Filter>Source Files\Edge Based Detector</Filter>
    </ClCompile>
  </ItemGroup>
</Project>