<?xml version="1.0" encoding="utf-8"?>
<Project ToolsVersion="4.0" xmlns="http://schemas.microsoft.com/developer/msbuild/2003">
  <ItemGroup>
    <Filter Include="DuneLib">
      <UniqueIdentifier>{ac2a6c71-65b4-418c-8237-77afa3e1385d}</UniqueIdentifier>
    </Filter>
    <Filter Include="DuneLib\Header Files">
      <UniqueIdentifier>{93995380-89BD-4b04-88EB-625FBE52EBFB}</UniqueIdentifier>
      <Extensions>h;hpp;hxx;hm;inl;inc;xsd</Extensions>
    </Filter>
    <Filter Include="DuneLib\Header Files\Dataset">
      <UniqueIdentifier>{c67b8dbb-04f3-413f-953e-fb51a952475c}</UniqueIdentifier>
    </Filter>
    <Filter Include="DuneLib\Header Files\Base Objects">
      <UniqueIdentifier>{38e18b7f-3ae8-49f4-a40a-56e35028d938}</UniqueIdentifier>
    </Filter>
    <Filter Include="DuneLib\Header Files\Dune Segment Detector">
      <UniqueIdentifier>{4445da00-da9b-48d6-b600-03b1509fc936}</UniqueIdentifier>
    </Filter>
    <Filter Include="DuneLib\Header Files\Edge Based Detector">
      <UniqueIdentifier>{2233da31-417f-4a0d-82d6-806773b576b2}</UniqueIdentifier>
    </Filter>
    <Filter Include="DuneLib\Header Files\Watershed Dune Detector">
      <UniqueIdentifier>{dbdb71fa-c58a-4cd2-bd3d-c0aacc951989}</UniqueIdentifier>
    </Filter>
    <Filter Include="DuneLib\Header Files\Math">
      <UniqueIdentifier>{35f9a7e9-1b26-4576-8a94-dfbf2c254445}</UniqueIdentifier>
    </Filter>
    <Filter Include="DuneLib\Header Files\Processing">
      <UniqueIdentifier>{a564de06-9b52-43de-912c-6538f8bbd799}</UniqueIdentifier>
    </Filter>
    <Filter Include="DuneLib\Header Files\Frequency Space Detector">
      <UniqueIdentifier>{d957663d-986b-4af6-ada2-a2f2846fd5bf}</UniqueIdentifier>
    </Filter>
    <Filter Include="DuneLib\Header Files\Linkers">
      <UniqueIdentifier>{a4d0e771-2833-4ab6-a1b1-cb357ecdd6b7}</UniqueIdentifier>
    </Filter>
    <Filter Include="DuneLib\Resource Files">
      <UniqueIdentifier>{67DA6AB6-F800-4c08-8B7A-83BB121AAD01}</UniqueIdentifier>
      <Extensions>rc;ico;cur;bmp;dlg;rc2;rct;bin;rgs;gif;jpg;jpeg;jpe;resx;tiff;tif;png;wav;mfcribbon-ms</Extensions>
    </Filter>
    <Filter Include="DuneLib\Source Files">
      <UniqueIdentifier>{4FC737F1-C7A5-4376-A066-2A32D752A2FF}</UniqueIdentifier>
      <Extensions>cpp;c;cc;cxx;def;odl;idl;hpj;bat;asm;asmx</Extensions>
    </Filter>
    <Filter Include="DuneLib\Source Files\Dune Segment Detector">
      <UniqueIdentifier>{9cdf30ec-338b-43cb-ad43-b0c8f7d3bc3f}</UniqueIdentifier>
    </Filter>
    <Filter Include="DuneLib\Source Files\Edge Based Detector">
      <UniqueIdentifier>{f7510209-c9e8-45a8-afae-d1c8258241b0}</UniqueIdentifier>
    </Filter>
    <Filter Include="DuneLib\Source Files\Watershed Dune Detector">
      <UniqueIdentifier>{6a6064e9-f566-472b-9614-277afb095374}</UniqueIdentifier>
    </Filter>
    <Filter Include="DuneLib\Source Files\Processing">
      <UniqueIdentifier>{bc1f7471-f577-44f8-9083-41f9d1818ad1}</UniqueIdentifier>
    </Filter>
    <Filter Include="DuneLib\Source Files\Base Objects">
      <UniqueIdentifier>{b67d387d-5f99-45d7-9912-ba2ebd69b234}</UniqueIdentifier>
    </Filter>
    <Filter Include="DuneLib\Source Files\Frequency Space Detector">
      <UniqueIdentifier>{b52a5115-cf4d-4aac-915a-0e5acc768ed0}</UniqueIdentifier>
    </Filter>
    <Filter Include="DuneLib\Source Files\Linkers">
      <UniqueIdentifier>{3c06dec1-10e1-4f13-a616-ed88e3067523}</UniqueIdentifier>
    </Filter>
    <Filter Include="DuneML">
      <UniqueIdentifier>{644dcc50-305d-4c1a-b2da-deb4723842fa}</UniqueIdentifier>
    </Filter>
    <Filter Include="DuneML\Header Files">
      <UniqueIdentifier>{3ad96905-aad8-427c-9566-9142fb041424}</UniqueIdentifier>
    </Filter>
    <Filter Include="DuneML\Source Files">
      <UniqueIdentifier>{60f73339-cb50-40e1-9400-3f5579197c6e}</UniqueIdentifier>
    </Filter>
    <Filter Include="DuneML\Resource Files">
      <UniqueIdentifier>{c127a2e7-3cc4-4508-859e-d01cec38c801}</UniqueIdentifier>
    </Filter>
    <Filter Include="DuneML\Header Files\Classifiers">
      <UniqueIdentifier>{385b17c3-0fd3-44ac-aea2-e039bff5d379}</UniqueIdentifier>
    </Filter>
    <Filter Include="DuneML\Source Files\Classifiers">
      <UniqueIdentifier>{059e09cb-6cad-4525-92c3-0eceed32dee3}</UniqueIdentifier>
    </Filter>
    <Filter Include="DuneML\Header Files\Filters">
      <UniqueIdentifier>{93cde36e-85f1-4f99-917e-6795e6982b2e}</UniqueIdentifier>
    </Filter>
    <Filter Include="DuneML\Header Files\Feature Detectors">
      <UniqueIdentifier>{20f08674-a44e-4008-8064-a72a8176086c}</UniqueIdentifier>
    </Filter>
    <Filter Include="DuneML\Source Files\Feature Detectors">
      <UniqueIdentifier>{8dc3b003-43c5-47df-8ead-42ed028621eb}</UniqueIdentifier>
    </Filter>
    <Filter Include="DuneLib\Header Files\Processing\Plotting">
      <UniqueIdentifier>{3388fc8a-33b2-46a2-9c9b-e3b538d11197}</UniqueIdentifier>
    </Filter>
    <Filter Include="DuneML\Header Files\Classifiers\CNN">
      <UniqueIdentifier>{efe354c0-9b81-4021-b3dc-82b385209daa}</UniqueIdentifier>
    </Filter>
    <Filter Include="DuneML\Source Files\Classifiers\CNN">
      <UniqueIdentifier>{1b71d768-b153-484f-bddf-bf7d3ed13641}</UniqueIdentifier>
    </Filter>
  </ItemGroup>
  <ItemGroup>
    <ClInclude Include="OpenCVHeaders.h">
      <Filter>DuneLib\Header Files</Filter>
    </ClInclude>
    <ClInclude Include="DuneDetectLibHeaders.h">
      <Filter>DuneLib\Header Files</Filter>
    </ClInclude>
    <ClInclude Include="DatasetProcessor.h">
      <Filter>DuneLib\Header Files\Dataset</Filter>
    </ClInclude>
    <ClInclude Include="BaseDuneDetector.h">
      <Filter>DuneLib\Header Files\Base Objects</Filter>
    </ClInclude>
    <ClInclude Include="BaseImageProcessor.h">
      <Filter>DuneLib\Header Files\Base Objects</Filter>
    </ClInclude>
    <ClInclude Include="DuneSegmentDetector.h">
      <Filter>DuneLib\Header Files\Dune Segment Detector</Filter>
    </ClInclude>
    <ClInclude Include="AdaptiveImageProcessor.h">
      <Filter>DuneLib\Header Files\Dune Segment Detector</Filter>
    </ClInclude>
    <ClInclude Include="EdgeBasedDuneDetector.h">
      <Filter>DuneLib\Header Files\Edge Based Detector</Filter>
    </ClInclude>
    <ClInclude Include="EdgeDetectorImageProcessor.h">
      <Filter>DuneLib\Header Files\Edge Based Detector</Filter>
    </ClInclude>
    <ClInclude Include="BaseEdgeImageProcessor.h">
      <Filter>DuneLib\Header Files\Base Objects</Filter>
    </ClInclude>
    <ClInclude Include="RotatedKernelEdgeDetector.h">
      <Filter>DuneLib\Header Files\Edge Based Detector</Filter>
    </ClInclude>
    <ClInclude Include="WatershedImageProcessor.h">
      <Filter>DuneLib\Header Files\Watershed Dune Detector</Filter>
    </ClInclude>
    <ClInclude Include="WatershedDuneDetector.h">
      <Filter>DuneLib\Header Files\Watershed Dune Detector</Filter>
    </ClInclude>
    <ClInclude Include="DuneMath.h">
      <Filter>DuneLib\Header Files\Math</Filter>
    </ClInclude>
    <ClInclude Include="GenericImageProcessing.h">
      <Filter>DuneLib\Header Files\Processing</Filter>
    </ClInclude>
    <ClInclude Include="DuneSegment.h">
      <Filter>DuneLib\Header Files\Base Objects</Filter>
    </ClInclude>
    <ClInclude Include="ConnectedComponentsExtractor.h">
      <Filter>DuneLib\Header Files\Processing</Filter>
    </ClInclude>
    <ClInclude Include="FrequencySpaceImageProcessor.h">
      <Filter>DuneLib\Header Files\Frequency Space Detector</Filter>
    </ClInclude>
    <ClInclude Include="FrequencySpaceDuneDetector.h">
      <Filter>DuneLib\Header Files\Frequency Space Detector</Filter>
    </ClInclude>
    <ClInclude Include="DiscreteFourierTransform.h">
      <Filter>DuneLib\Header Files\Processing</Filter>
    </ClInclude>
    <ClInclude Include="BaseSegmentLinker.h">
      <Filter>DuneLib\Header Files\Base Objects</Filter>
    </ClInclude>
    <ClInclude Include="EndpointSegmentLinker.h">
      <Filter>DuneLib\Header Files\Linkers</Filter>
    </ClInclude>
    <ClInclude Include="LineSegmentLinker.h">
      <Filter>DuneLib\Header Files\Linkers</Filter>
    </ClInclude>
    <ClInclude Include="Draw.h">
      <Filter>DuneLib\Header Files\Processing\Plotting</Filter>
    </ClInclude>
    <ClInclude Include="BaseDuneDetectorBenchmark.h">
      <Filter>DuneLib\Header Files\Base Objects</Filter>
    </ClInclude>
    <ClInclude Include="DuneMLDatasetExtractor.h">
      <Filter>DuneML\Header Files</Filter>
    </ClInclude>
    <ClInclude Include="BaseFeatureClassifier.h">
      <Filter>DuneML\Header Files\Classifiers</Filter>
    </ClInclude>
    <ClInclude Include="NormalBayesFeatureClassifier.h">
      <Filter>DuneML\Header Files\Classifiers</Filter>
    </ClInclude>
    <ClInclude Include="RandomTreeFeatureClassifier.h">
      <Filter>DuneML\Header Files\Classifiers</Filter>
    </ClInclude>
    <ClInclude Include="SVMFeatureClassifier.h">
      <Filter>DuneML\Header Files\Classifiers</Filter>
    </ClInclude>
    <ClInclude Include="GradientBoostedTreeFeatureClassifier.h">
      <Filter>DuneML\Header Files\Classifiers</Filter>
    </ClInclude>
    <ClInclude Include="ClassifierOutputFiltering.h">
      <Filter>DuneML\Header Files\Filters</Filter>
    </ClInclude>
    <ClInclude Include="DuneRegionThinner.h">
      <Filter>DuneML\Header Files\Filters</Filter>
    </ClInclude>
    <ClInclude Include="DuneSIFTFeatureExtractor.h">
      <Filter>DuneML\Header Files\Feature Detectors</Filter>
    </ClInclude>
    <ClInclude Include="BaseFeatureExtractor.h">
      <Filter>DuneML\Header Files\Feature Detectors</Filter>
    </ClInclude>
    <ClInclude Include="DuneSimplePixelFeatureExtractor.h">
      <Filter>DuneML\Header Files\Feature Detectors</Filter>
    </ClInclude>
    <ClInclude Include="BaseDuneRegionThinner.h">
      <Filter>DuneML\Header Files\Filters</Filter>
    </ClInclude>
    <ClInclude Include="SkeletonizationRegionThinner.h">
      <Filter>DuneML\Header Files\Filters</Filter>
    </ClInclude>
    <ClInclude Include="DuneMetricCalculator.h">
      <Filter>DuneLib\Header Files\Processing</Filter>
    </ClInclude>
    <ClInclude Include="ConnectedComponentsSorter.h">
      <Filter>DuneLib\Header Files\Processing</Filter>
    </ClInclude>
    <ClInclude Include="GaborFilter.h">
      <Filter>DuneLib\Header Files\Processing</Filter>
    </ClInclude>
    <ClInclude Include="GaborFilterImageEnhancement.h">
      <Filter>DuneLib\Header Files\Processing</Filter>
    </ClInclude>
    <ClInclude Include="DFTImageEnhancement.h">
      <Filter>DuneLib\Header Files\Processing</Filter>
    </ClInclude>
    <ClInclude Include="GaussianScalePyramid.h">
      <Filter>DuneLib\Header Files\Processing</Filter>
    </ClInclude>
    <ClInclude Include="LaplacianScalePyramid.h">
      <Filter>DuneLib\Header Files\Processing</Filter>
    </ClInclude>
    <ClInclude Include="DuneSURFFeatureExtractor.h">
      <Filter>DuneML\Header Files\Feature Detectors</Filter>
    </ClInclude>
    <ClInclude Include="DuneOrbFeatureExtractor.h">
      <Filter>DuneML\Header Files\Feature Detectors</Filter>
    </ClInclude>
    <ClInclude Include="EdgeDirectionImageProcessor.h">
      <Filter>DuneLib\Header Files\Edge Based Detector</Filter>
    </ClInclude>
    <ClInclude Include="SuperDuperImageProcessor.h">
      <Filter>DuneLib\Header Files\Edge Based Detector</Filter>
    </ClInclude>
    <ClInclude Include="CNN\src\channel_3.h">
      <Filter>DuneML\Header Files\Classifiers\CNN</Filter>
    </ClInclude>
    <ClInclude Include="CNN\src\converter.h">
      <Filter>DuneML\Header Files\Classifiers\CNN</Filter>
    </ClInclude>
    <ClInclude Include="CNN\src\data_augmentation.h">
      <Filter>DuneML\Header Files\Classifiers\CNN</Filter>
    </ClInclude>
    <ClInclude Include="CNN\src\general_settings.h">
      <Filter>DuneML\Header Files\Classifiers\CNN</Filter>
    </ClInclude>
    <ClInclude Include="CNN\src\gradient_checking.h">
      <Filter>DuneML\Header Files\Classifiers\CNN</Filter>
    </ClInclude>
    <ClInclude Include="CNN\src\layer_bank.h">
      <Filter>DuneML\Header Files\Classifiers\CNN</Filter>
    </ClInclude>
    <ClInclude Include="CNN\src\matrix_maths.h">
      <Filter>DuneML\Header Files\Classifiers\CNN</Filter>
    </ClInclude>
    <ClInclude Include="CNN\src\read_config.h">
      <Filter>DuneML\Header Files\Classifiers\CNN</Filter>
    </ClInclude>
    <ClInclude Include="CNN\src\read_data.h">
      <Filter>DuneML\Header Files\Classifiers\CNN</Filter>
    </ClInclude>
    <ClInclude Include="CNN\src\train_network.h">
      <Filter>DuneML\Header Files\Classifiers\CNN</Filter>
    </ClInclude>
    <ClInclude Include="CNN\src\weights_IO.h">
      <Filter>DuneML\Header Files\Classifiers\CNN</Filter>
    </ClInclude>
    <ClInclude Include="DuneMLData.h">
      <Filter>DuneML\Header Files</Filter>
    </ClInclude>
    <ClInclude Include="EdgeDirectionDuneDetector.h">
      <Filter>DuneLib\Header Files\Edge Based Detector</Filter>
    </ClInclude>
    <ClInclude Include="MLDuneFiltering.h">
      <Filter>DuneML\Header Files\Filters</Filter>
    </ClInclude>
    <ClInclude Include="DecisionTreesFeatureClassifier.h">
      <Filter>DuneML\Header Files\Classifiers</Filter>
    </ClInclude>
    <ClInclude Include="DuneDirectionalFeatureExtractor.h">
      <Filter>DuneML\Header Files\Feature Detectors</Filter>
    </ClInclude>
  </ItemGroup>
  <ItemGroup>
    <ClCompile Include="AdaptiveImageProcessor.cpp">
      <Filter>DuneLib\Source Files\Dune Segment Detector</Filter>
    </ClCompile>
    <ClCompile Include="DuneSegmentDetector.cpp">
      <Filter>DuneLib\Source Files\Dune Segment Detector</Filter>
    </ClCompile>
    <ClCompile Include="EdgeBasedDuneDetector.cpp">
      <Filter>DuneLib\Source Files\Edge Based Detector</Filter>
    </ClCompile>
    <ClCompile Include="EdgeDetectorImageProcessor.cpp">
      <Filter>DuneLib\Source Files\Edge Based Detector</Filter>
    </ClCompile>
    <ClCompile Include="RotatedKernelEdgeDetector.cpp">
      <Filter>DuneLib\Source Files\Edge Based Detector</Filter>
    </ClCompile>
    <ClCompile Include="WatershedDuneDetector.cpp">
      <Filter>DuneLib\Source Files\Watershed Dune Detector</Filter>
    </ClCompile>
    <ClCompile Include="GenericImageProcessing.cpp">
      <Filter>DuneLib\Source Files\Processing</Filter>
    </ClCompile>
    <ClCompile Include="DuneSegment.cpp">
      <Filter>DuneLib\Source Files\Base Objects</Filter>
    </ClCompile>
    <ClCompile Include="FrequencySpaceImageProcessor.cpp">
      <Filter>DuneLib\Source Files\Frequency Space Detector</Filter>
    </ClCompile>
    <ClCompile Include="FrequencySpaceDuneDetector.cpp">
      <Filter>DuneLib\Source Files\Frequency Space Detector</Filter>
    </ClCompile>
    <ClCompile Include="EndpointSegmentLinker.cpp">
      <Filter>DuneLib\Source Files\Linkers</Filter>
    </ClCompile>
    <ClCompile Include="LineSegmentLinker.cpp">
      <Filter>DuneLib\Source Files\Linkers</Filter>
    </ClCompile>
    <ClCompile Include="WatershedImageProcessor.cpp">
      <Filter>DuneLib\Source Files\Watershed Dune Detector</Filter>
    </ClCompile>
    <ClCompile Include="DuneMLDatasetExtractor.cpp">
      <Filter>DuneML\Source Files</Filter>
    </ClCompile>
    <ClCompile Include="SVMFeatureClassifier.cpp">
      <Filter>DuneML\Source Files\Classifiers</Filter>
    </ClCompile>
    <ClCompile Include="NormalBayesFeatureClassifier.cpp">
      <Filter>DuneML\Source Files\Classifiers</Filter>
    </ClCompile>
    <ClCompile Include="RandomTreeFeatureClassifier.cpp">
      <Filter>DuneML\Source Files\Classifiers</Filter>
    </ClCompile>
    <ClCompile Include="GradientBoostedTreeFeatureClassifier.cpp">
      <Filter>DuneML\Source Files\Classifiers</Filter>
    </ClCompile>
    <ClCompile Include="GaussianScalePyramid.cpp">
      <Filter>DuneLib\Source Files\Processing</Filter>
    </ClCompile>
    <ClCompile Include="LaplacianScalePyramid.cpp">
      <Filter>DuneLib\Source Files\Processing</Filter>
    </ClCompile>
    <ClCompile Include="EdgeDirectionImageProcessor.cpp">
      <Filter>DuneLib\Source Files\Edge Based Detector</Filter>
    </ClCompile>
    <ClCompile Include="SuperDuperImageProcessor.cpp">
      <Filter>DuneLib\Source Files\Edge Based Detector</Filter>
    </ClCompile>
    <ClCompile Include="CNN\src\branch_layer.cc">
      <Filter>DuneML\Source Files\Classifiers\CNN</Filter>
    </ClCompile>
    <ClCompile Include="CNN\src\channel_3.cc">
      <Filter>DuneML\Source Files\Classifiers\CNN</Filter>
    </ClCompile>
    <ClCompile Include="CNN\src\combine_layer.cc">
      <Filter>DuneML\Source Files\Classifiers\CNN</Filter>
    </ClCompile>
    <ClCompile Include="CNN\src\converter.cc">
      <Filter>DuneML\Source Files\Classifiers\CNN</Filter>
    </ClCompile>
    <ClCompile Include="CNN\src\convolutional_layer.cc">
      <Filter>DuneML\Source Files\Classifiers\CNN</Filter>
    </ClCompile>
    <ClCompile Include="CNN\src\data_augmentation.cc">
      <Filter>DuneML\Source Files\Classifiers\CNN</Filter>
    </ClCompile>
    <ClCompile Include="CNN\src\dropout_layer.cc">
      <Filter>DuneML\Source Files\Classifiers\CNN</Filter>
    </ClCompile>
    <ClCompile Include="CNN\src\fully_connected_layer.cc">
      <Filter>DuneML\Source Files\Classifiers\CNN</Filter>
    </ClCompile>
    <ClCompile Include="CNN\src\gradient_checking.cc">
      <Filter>DuneML\Source Files\Classifiers\CNN</Filter>
    </ClCompile>
    <ClCompile Include="CNN\src\input_layer.cc">
      <Filter>DuneML\Source Files\Classifiers\CNN</Filter>
    </ClCompile>
    <ClCompile Include="CNN\src\local_response_normalization_layer.cc">
      <Filter>DuneML\Source Files\Classifiers\CNN</Filter>
    </ClCompile>
    <ClCompile Include="CNN\src\matrix_maths.cc">
      <Filter>DuneML\Source Files\Classifiers\CNN</Filter>
    </ClCompile>
    <ClCompile Include="CNN\src\network_layer.cc">
      <Filter>DuneML\Source Files\Classifiers\CNN</Filter>
    </ClCompile>
    <ClCompile Include="CNN\src\non_linearity_layer.cc">
      <Filter>DuneML\Source Files\Classifiers\CNN</Filter>
    </ClCompile>
    <ClCompile Include="CNN\src\pooling_layer.cc">
      <Filter>DuneML\Source Files\Classifiers\CNN</Filter>
    </ClCompile>
    <ClCompile Include="CNN\src\read_config.cc">
      <Filter>DuneML\Source Files\Classifiers\CNN</Filter>
    </ClCompile>
    <ClCompile Include="CNN\src\read_data.cc">
      <Filter>DuneML\Source Files\Classifiers\CNN</Filter>
    </ClCompile>
    <ClCompile Include="CNN\src\sample.cc">
      <Filter>DuneML\Source Files\Classifiers\CNN</Filter>
    </ClCompile>
    <ClCompile Include="CNN\src\softmax_layer.cc">
      <Filter>DuneML\Source Files\Classifiers\CNN</Filter>
    </ClCompile>
    <ClCompile Include="CNN\src\train_network.cc">
      <Filter>DuneML\Source Files\Classifiers\CNN</Filter>
    </ClCompile>
    <ClCompile Include="CNN\src\weights_IO.cc">
      <Filter>DuneML\Source Files\Classifiers\CNN</Filter>
    </ClCompile>
    <ClCompile Include="EdgeDirectionDuneDetector.cpp">
      <Filter>DuneLib\Source Files\Edge Based Detector</Filter>
    </ClCompile>
    <ClCompile Include="DecisionTreeFeatureClassifier.cpp">
      <Filter>DuneML\Source Files\Classifiers</Filter>
    </ClCompile>
  </ItemGroup>
</Project>