<?xml version="1.0" encoding="utf-8"?>
<Project ToolsVersion="4.0" xmlns="http://schemas.microsoft.com/developer/msbuild/2003">
  <ItemGroup>
    <Filter Include="Source Files">
      <UniqueIdentifier>{4FC737F1-C7A5-4376-A066-2A32D752A2FF}</UniqueIdentifier>
      <Extensions>cpp;c;cc;cxx;def;odl;idl;hpj;bat;asm;asmx</Extensions>
    </Filter>
    <Filter Include="Header Files">
      <UniqueIdentifier>{93995380-89BD-4b04-88EB-625FBE52EBFB}</UniqueIdentifier>
      <Extensions>h;hpp;hxx;hm;inl;inc;xsd</Extensions>
    </Filter>
    <Filter Include="Resource Files">
      <UniqueIdentifier>{67DA6AB6-F800-4c08-8B7A-83BB121AAD01}</UniqueIdentifier>
      <Extensions>rc;ico;cur;bmp;dlg;rc2;rct;bin;rgs;gif;jpg;jpeg;jpe;resx;tiff;tif;png;wav;mfcribbon-ms</Extensions>
    </Filter>
    <Filter Include="Header Files\DuneDetection">
      <UniqueIdentifier>{5b9a16d9-9831-4a27-98c3-96d02a242a79}</UniqueIdentifier>
    </Filter>
    <Filter Include="Header Files\ImageProcessing">
      <UniqueIdentifier>{cb9ae35a-bc9f-4c87-8795-486ba95f3651}</UniqueIdentifier>
    </Filter>
    <Filter Include="Source Files\DuneDetection">
      <UniqueIdentifier>{11053d7b-cd11-4e37-9a2a-653659697f8c}</UniqueIdentifier>
    </Filter>
    <Filter Include="Source Files\ImageProcessing">
      <UniqueIdentifier>{8ccf2e0c-9cc7-4b2c-9d4c-f5d26b764c76}</UniqueIdentifier>
    </Filter>
  </ItemGroup>
  <ItemGroup>
    <ClInclude Include="OpenCVHeaders.h">
      <Filter>Header Files</Filter>
    </ClInclude>
    <ClInclude Include="DuneDetector.h">
      <Filter>Header Files\DuneDetection</Filter>
    </ClInclude>
    <ClInclude Include="ImageProcessor.h">
      <Filter>Header Files\ImageProcessing</Filter>
    </ClInclude>
    <ClInclude Include="AdaptiveImageProcessor.h">
      <Filter>Header Files\ImageProcessing</Filter>
    </ClInclude>
  </ItemGroup>
</Project>